// !$*UTF8*$!
{
	archiveVersion = 1;
	classes = {
	};
	objectVersion = 56;
	objects = {

/* Begin PBXBuildFile section */
		5507D8C12C208B9300A47FA3 /* Encodable+JsonToDict.swift in Sources */ = {isa = PBXBuildFile; fileRef = 5507D8C02C208B9300A47FA3 /* Encodable+JsonToDict.swift */; };
		5507D8C32C208BAB00A47FA3 /* ErrorType.swift in Sources */ = {isa = PBXBuildFile; fileRef = 5507D8C22C208BAB00A47FA3 /* ErrorType.swift */; };
		5507D8C52C208BCF00A47FA3 /* PercepTrailNetworkManager.swift in Sources */ = {isa = PBXBuildFile; fileRef = 5507D8C42C208BCF00A47FA3 /* PercepTrailNetworkManager.swift */; };
		5507D8C72C208BE800A47FA3 /* RequestError.swift in Sources */ = {isa = PBXBuildFile; fileRef = 5507D8C62C208BE800A47FA3 /* RequestError.swift */; };
		5507D8CA2C208C9000A47FA3 /* ContentType.swift in Sources */ = {isa = PBXBuildFile; fileRef = 5507D8C92C208C9000A47FA3 /* ContentType.swift */; };
		5507D8CC2C208CB000A47FA3 /* HeaderFields.swift in Sources */ = {isa = PBXBuildFile; fileRef = 5507D8CB2C208CB000A47FA3 /* HeaderFields.swift */; };
		5507D8CE2C208CC400A47FA3 /* RequestMethod.swift in Sources */ = {isa = PBXBuildFile; fileRef = 5507D8CD2C208CC400A47FA3 /* RequestMethod.swift */; };
		5507D8D02C208D1600A47FA3 /* PercepTrailDataAPIClient.swift in Sources */ = {isa = PBXBuildFile; fileRef = 5507D8CF2C208D1600A47FA3 /* PercepTrailDataAPIClient.swift */; };
		551C5A6C2C29915A00EB4553 /* ExerciseViewController.swift in Sources */ = {isa = PBXBuildFile; fileRef = 551C5A6B2C29915A00EB4553 /* ExerciseViewController.swift */; };
		551C5A6E2C29917300EB4553 /* WorkoutViewController.swift in Sources */ = {isa = PBXBuildFile; fileRef = 551C5A6D2C29917300EB4553 /* WorkoutViewController.swift */; };
		551C5A702C29B19400EB4553 /* ProgressIndicatorViewWrapper.swift in Sources */ = {isa = PBXBuildFile; fileRef = 551C5A6F2C29B19400EB4553 /* ProgressIndicatorViewWrapper.swift */; };
		551C5A952C2B030800EB4553 /* MaterialShowcase in Frameworks */ = {isa = PBXBuildFile; productRef = 551C5A942C2B030800EB4553 /* MaterialShowcase */; };
		5589E14E2C22E33400D56AC8 /* Main.storyboard in Resources */ = {isa = PBXBuildFile; fileRef = 5589E14D2C22E33400D56AC8 /* Main.storyboard */; };
		5589E14F2C22E34400D56AC8 /* Initial.storyboard in Resources */ = {isa = PBXBuildFile; fileRef = 55D474AD2C2014A9000BE329 /* Initial.storyboard */; };
		5589E1512C22E61100D56AC8 /* WelcomeViewController.swift in Sources */ = {isa = PBXBuildFile; fileRef = 5589E1502C22E61100D56AC8 /* WelcomeViewController.swift */; };
		5589E1532C22FE5800D56AC8 /* NicknameViewController.swift in Sources */ = {isa = PBXBuildFile; fileRef = 5589E1522C22FE5800D56AC8 /* NicknameViewController.swift */; };
		5589E1552C22FEB000D56AC8 /* BirthDateViewController.swift in Sources */ = {isa = PBXBuildFile; fileRef = 5589E1542C22FEB000D56AC8 /* BirthDateViewController.swift */; };
		5589E1572C22FEC000D56AC8 /* GenderViewController.swift in Sources */ = {isa = PBXBuildFile; fileRef = 5589E1562C22FEC000D56AC8 /* GenderViewController.swift */; };
		5589E1592C22FECF00D56AC8 /* HeightViewController.swift in Sources */ = {isa = PBXBuildFile; fileRef = 5589E1582C22FECF00D56AC8 /* HeightViewController.swift */; };
		5589E15B2C22FEE000D56AC8 /* WeightViewController.swift in Sources */ = {isa = PBXBuildFile; fileRef = 5589E15A2C22FEE000D56AC8 /* WeightViewController.swift */; };
		5589E15D2C22FEF100D56AC8 /* ChronicConditionViewController.swift in Sources */ = {isa = PBXBuildFile; fileRef = 5589E15C2C22FEF100D56AC8 /* ChronicConditionViewController.swift */; };
		5589E15F2C22FF0700D56AC8 /* MedicationUsageViewController.swift in Sources */ = {isa = PBXBuildFile; fileRef = 5589E15E2C22FF0700D56AC8 /* MedicationUsageViewController.swift */; };
		5589E1612C22FF1700D56AC8 /* ActivityLevelViewController.swift in Sources */ = {isa = PBXBuildFile; fileRef = 5589E1602C22FF1700D56AC8 /* ActivityLevelViewController.swift */; };
		5589E1632C22FF2400D56AC8 /* ResidenceViewController.swift in Sources */ = {isa = PBXBuildFile; fileRef = 5589E1622C22FF2400D56AC8 /* ResidenceViewController.swift */; };
		5589E1652C2303D900D56AC8 /* PrivacyConsentViewController.swift in Sources */ = {isa = PBXBuildFile; fileRef = 5589E1642C2303D900D56AC8 /* PrivacyConsentViewController.swift */; };
		559632102C244D3E0016F826 /* TrainingMainViewController.swift in Sources */ = {isa = PBXBuildFile; fileRef = 5596320F2C244D3E0016F826 /* TrainingMainViewController.swift */; };
		559632122C2453CC0016F826 /* Trophy.storyboard in Resources */ = {isa = PBXBuildFile; fileRef = 559632112C2453CC0016F826 /* Trophy.storyboard */; };
		559632142C2454270016F826 /* Store.storyboard in Resources */ = {isa = PBXBuildFile; fileRef = 559632132C2454270016F826 /* Store.storyboard */; };
		559632162C24545C0016F826 /* PersonInfo.storyboard in Resources */ = {isa = PBXBuildFile; fileRef = 559632152C24545C0016F826 /* PersonInfo.storyboard */; };
		559632182C2454C50016F826 /* Training.storyboard in Resources */ = {isa = PBXBuildFile; fileRef = 559632172C2454C50016F826 /* Training.storyboard */; };
		55B7AA7F2C255001002B6964 /* SwiftFortuneWheel in Frameworks */ = {isa = PBXBuildFile; productRef = 55B7AA7E2C255001002B6964 /* SwiftFortuneWheel */; };
		55B7AA822C25518E002B6964 /* MKRingProgressView in Frameworks */ = {isa = PBXBuildFile; productRef = 55B7AA812C25518E002B6964 /* MKRingProgressView */; };
		55B7AAB62C256522002B6964 /* TakePhone.storyboard in Resources */ = {isa = PBXBuildFile; fileRef = 55B7AAB52C256522002B6964 /* TakePhone.storyboard */; };
		55B7AAB82C25652F002B6964 /* TakePhoneViewController.swift in Sources */ = {isa = PBXBuildFile; fileRef = 55B7AAB72C25652F002B6964 /* TakePhoneViewController.swift */; };
		55B7AABA2C2565DD002B6964 /* SiteVisit.storyboard in Resources */ = {isa = PBXBuildFile; fileRef = 55B7AAB92C2565DD002B6964 /* SiteVisit.storyboard */; };
		55B7AABE2C2565F7002B6964 /* GroupTask.storyboard in Resources */ = {isa = PBXBuildFile; fileRef = 55B7AABD2C2565F7002B6964 /* GroupTask.storyboard */; };
		55B7AAC02C2565FF002B6964 /* GroupTaskViewController.swift in Sources */ = {isa = PBXBuildFile; fileRef = 55B7AABF2C2565FF002B6964 /* GroupTaskViewController.swift */; };
		55B7AAC22C256609002B6964 /* LevelViewController.swift in Sources */ = {isa = PBXBuildFile; fileRef = 55B7AAC12C256609002B6964 /* LevelViewController.swift */; };
		55B7AAC42C256611002B6964 /* QuickQuiz.storyboard in Resources */ = {isa = PBXBuildFile; fileRef = 55B7AAC32C256611002B6964 /* QuickQuiz.storyboard */; };
		55B7AAC62C25661A002B6964 /* SummaryViewController.swift in Sources */ = {isa = PBXBuildFile; fileRef = 55B7AAC52C25661A002B6964 /* SummaryViewController.swift */; };
		55B7AAC82C256623002B6964 /* TimerViewController.swift in Sources */ = {isa = PBXBuildFile; fileRef = 55B7AAC72C256623002B6964 /* TimerViewController.swift */; };
		55B7AACA2C25662B002B6964 /* WheelViewController.swift in Sources */ = {isa = PBXBuildFile; fileRef = 55B7AAC92C25662B002B6964 /* WheelViewController.swift */; };
		55BEF15D2C266B2200DA811B /* ProgressIndicatorView in Frameworks */ = {isa = PBXBuildFile; productRef = 55BEF15C2C266B2200DA811B /* ProgressIndicatorView */; };
		55BEF1702C268E1D00DA811B /* RingStatus.swift in Sources */ = {isa = PBXBuildFile; fileRef = 55BEF16F2C268E1D00DA811B /* RingStatus.swift */; };
		55BEF1A02C292C1100DA811B /* SDWebImage in Frameworks */ = {isa = PBXBuildFile; productRef = 55BEF19F2C292C1100DA811B /* SDWebImage */; };
		55BEF1A22C292C1100DA811B /* SDWebImageMapKit in Frameworks */ = {isa = PBXBuildFile; productRef = 55BEF1A12C292C1100DA811B /* SDWebImageMapKit */; };
		55BEF1A42C292CD100DA811B /* summary.gif in Resources */ = {isa = PBXBuildFile; fileRef = 55BEF1A32C292CD100DA811B /* summary.gif */; };
		55BEF1AA2C293B2500DA811B /* ActivityDiscoveryViewController.swift in Sources */ = {isa = PBXBuildFile; fileRef = 55BEF1A92C293B2500DA811B /* ActivityDiscoveryViewController.swift */; };
		55BEF1AC2C293B4A00DA811B /* RouteViewController.swift in Sources */ = {isa = PBXBuildFile; fileRef = 55BEF1AB2C293B4A00DA811B /* RouteViewController.swift */; };
		55BEF1AE2C293BFC00DA811B /* Summary2ViewController.swift in Sources */ = {isa = PBXBuildFile; fileRef = 55BEF1AD2C293BE800DA811B /* Summary2ViewController.swift */; };
		55BEF1B02C293CBB00DA811B /* PairingViewController.swift in Sources */ = {isa = PBXBuildFile; fileRef = 55BEF1AF2C293CBB00DA811B /* PairingViewController.swift */; };
		55BEF1B22C293CF900DA811B /* PuzzleViewController.swift in Sources */ = {isa = PBXBuildFile; fileRef = 55BEF1B12C293CF900DA811B /* PuzzleViewController.swift */; };
		55BEF1B42C293D0600DA811B /* IdentificationViewController.swift in Sources */ = {isa = PBXBuildFile; fileRef = 55BEF1B32C293D0600DA811B /* IdentificationViewController.swift */; };
		55D474A82C2014A9000BE329 /* AppDelegate.swift in Sources */ = {isa = PBXBuildFile; fileRef = 55D474A72C2014A9000BE329 /* AppDelegate.swift */; };
		55D474AA2C2014A9000BE329 /* SceneDelegate.swift in Sources */ = {isa = PBXBuildFile; fileRef = 55D474A92C2014A9000BE329 /* SceneDelegate.swift */; };
		55D474AF2C2014A9000BE329 /* Base in Resources */ = {isa = PBXBuildFile; fileRef = 55D474AE2C2014A9000BE329 /* Base */; };
		55D474B12C2014AA000BE329 /* Assets.xcassets in Resources */ = {isa = PBXBuildFile; fileRef = 55D474B02C2014AA000BE329 /* Assets.xcassets */; };
		55D474B42C2014AA000BE329 /* Base in Resources */ = {isa = PBXBuildFile; fileRef = 55D474B32C2014AA000BE329 /* Base */; };
		55D475302C20224C000BE329 /* UserPreferences.swift in Sources */ = {isa = PBXBuildFile; fileRef = 55D4752F2C20224C000BE329 /* UserPreferences.swift */; };
		55D475332C202335000BE329 /* AppDefine.swift in Sources */ = {isa = PBXBuildFile; fileRef = 55D475322C202335000BE329 /* AppDefine.swift */; };
		55D475482C204C61000BE329 /* UIColor+Custom.swift in Sources */ = {isa = PBXBuildFile; fileRef = 55D475472C204C61000BE329 /* UIColor+Custom.swift */; };
		55D4754A2C2073CA000BE329 /* Notification+CustomName.swift in Sources */ = {isa = PBXBuildFile; fileRef = 55D475492C2073CA000BE329 /* Notification+CustomName.swift */; };
		55D4754D2C2077A9000BE329 /* CommandBase.swift in Sources */ = {isa = PBXBuildFile; fileRef = 55D4754C2C2077A9000BE329 /* CommandBase.swift */; };
		55D4754F2C2077DF000BE329 /* Alert.swift in Sources */ = {isa = PBXBuildFile; fileRef = 55D4754E2C2077DF000BE329 /* Alert.swift */; };
		55D475512C207962000BE329 /* Alert+AddMultipleActions.swift in Sources */ = {isa = PBXBuildFile; fileRef = 55D475502C207961000BE329 /* Alert+AddMultipleActions.swift */; };
		55D475552C207D7A000BE329 /* IQKeyboardManagerSwift in Frameworks */ = {isa = PBXBuildFile; productRef = 55D475542C207D7A000BE329 /* IQKeyboardManagerSwift */; };
		55DB49B92C245BE700397C97 /* NewLaunchScreenViewController.swift in Sources */ = {isa = PBXBuildFile; fileRef = 55DB49B82C245BE700397C97 /* NewLaunchScreenViewController.swift */; };
		7B352EA62C2A94C500D92A43 /* ActivityAnnotation.swift in Sources */ = {isa = PBXBuildFile; fileRef = 7B352EA52C2A94C500D92A43 /* ActivityAnnotation.swift */; };
		7B352EA82C2A9E3C00D92A43 /* ChatGPT4VisionRequest.swift in Sources */ = {isa = PBXBuildFile; fileRef = 7B352EA72C2A9E3C00D92A43 /* ChatGPT4VisionRequest.swift */; };
		7B352EAA2C2A9E5E00D92A43 /* ChatGPT4VisionResponse.swift in Sources */ = {isa = PBXBuildFile; fileRef = 7B352EA92C2A9E5E00D92A43 /* ChatGPT4VisionResponse.swift */; };
		7B3ED5BF2C26EA150066149A /* MainTabBarController.swift in Sources */ = {isa = PBXBuildFile; fileRef = 7B3ED5BE2C26EA150066149A /* MainTabBarController.swift */; };
		7B3ED5C12C26EE120066149A /* UIImage+Resized.swift in Sources */ = {isa = PBXBuildFile; fileRef = 7B3ED5C02C26EE120066149A /* UIImage+Resized.swift */; };
		7B77263D2C28028500D71DCB /* SQLite in Frameworks */ = {isa = PBXBuildFile; productRef = 7B77263C2C28028500D71DCB /* SQLite */; };
		7B7726402C28089500D71DCB /* LocalDatabase.swift in Sources */ = {isa = PBXBuildFile; fileRef = 7B77263F2C28089500D71DCB /* LocalDatabase.swift */; };
		7BC7560B2C2D1FC700EF60AD /* SettlementViewController.swift in Sources */ = {isa = PBXBuildFile; fileRef = 7BC7560A2C2D1FC700EF60AD /* SettlementViewController.swift */; };
		7BF18EEA2C34E62700D110A1 /* GeneralResponse.swift in Sources */ = {isa = PBXBuildFile; fileRef = 7BF18EE92C34E62700D110A1 /* GeneralResponse.swift */; };
/* End PBXBuildFile section */

/* Begin PBXFileReference section */
		5507D8C02C208B9300A47FA3 /* Encodable+JsonToDict.swift */ = {isa = PBXFileReference; lastKnownFileType = sourcecode.swift; path = "Encodable+JsonToDict.swift"; sourceTree = "<group>"; };
		5507D8C22C208BAB00A47FA3 /* ErrorType.swift */ = {isa = PBXFileReference; lastKnownFileType = sourcecode.swift; path = ErrorType.swift; sourceTree = "<group>"; };
		5507D8C42C208BCF00A47FA3 /* PercepTrailNetworkManager.swift */ = {isa = PBXFileReference; lastKnownFileType = sourcecode.swift; path = PercepTrailNetworkManager.swift; sourceTree = "<group>"; };
		5507D8C62C208BE800A47FA3 /* RequestError.swift */ = {isa = PBXFileReference; lastKnownFileType = sourcecode.swift; path = RequestError.swift; sourceTree = "<group>"; };
		5507D8C92C208C9000A47FA3 /* ContentType.swift */ = {isa = PBXFileReference; lastKnownFileType = sourcecode.swift; path = ContentType.swift; sourceTree = "<group>"; };
		5507D8CB2C208CB000A47FA3 /* HeaderFields.swift */ = {isa = PBXFileReference; lastKnownFileType = sourcecode.swift; path = HeaderFields.swift; sourceTree = "<group>"; };
		5507D8CD2C208CC400A47FA3 /* RequestMethod.swift */ = {isa = PBXFileReference; lastKnownFileType = sourcecode.swift; path = RequestMethod.swift; sourceTree = "<group>"; };
		5507D8CF2C208D1600A47FA3 /* PercepTrailDataAPIClient.swift */ = {isa = PBXFileReference; lastKnownFileType = sourcecode.swift; path = PercepTrailDataAPIClient.swift; sourceTree = "<group>"; };
		551C5A6B2C29915A00EB4553 /* ExerciseViewController.swift */ = {isa = PBXFileReference; lastKnownFileType = sourcecode.swift; path = ExerciseViewController.swift; sourceTree = "<group>"; };
		551C5A6D2C29917300EB4553 /* WorkoutViewController.swift */ = {isa = PBXFileReference; lastKnownFileType = sourcecode.swift; path = WorkoutViewController.swift; sourceTree = "<group>"; };
		551C5A6F2C29B19400EB4553 /* ProgressIndicatorViewWrapper.swift */ = {isa = PBXFileReference; lastKnownFileType = sourcecode.swift; path = ProgressIndicatorViewWrapper.swift; sourceTree = "<group>"; };
		5589E14D2C22E33400D56AC8 /* Main.storyboard */ = {isa = PBXFileReference; lastKnownFileType = file.storyboard; path = Main.storyboard; sourceTree = "<group>"; };
		5589E1502C22E61100D56AC8 /* WelcomeViewController.swift */ = {isa = PBXFileReference; lastKnownFileType = sourcecode.swift; path = WelcomeViewController.swift; sourceTree = "<group>"; };
		5589E1522C22FE5800D56AC8 /* NicknameViewController.swift */ = {isa = PBXFileReference; lastKnownFileType = sourcecode.swift; path = NicknameViewController.swift; sourceTree = "<group>"; };
		5589E1542C22FEB000D56AC8 /* BirthDateViewController.swift */ = {isa = PBXFileReference; lastKnownFileType = sourcecode.swift; path = BirthDateViewController.swift; sourceTree = "<group>"; };
		5589E1562C22FEC000D56AC8 /* GenderViewController.swift */ = {isa = PBXFileReference; lastKnownFileType = sourcecode.swift; path = GenderViewController.swift; sourceTree = "<group>"; };
		5589E1582C22FECF00D56AC8 /* HeightViewController.swift */ = {isa = PBXFileReference; lastKnownFileType = sourcecode.swift; path = HeightViewController.swift; sourceTree = "<group>"; };
		5589E15A2C22FEE000D56AC8 /* WeightViewController.swift */ = {isa = PBXFileReference; lastKnownFileType = sourcecode.swift; path = WeightViewController.swift; sourceTree = "<group>"; };
		5589E15C2C22FEF100D56AC8 /* ChronicConditionViewController.swift */ = {isa = PBXFileReference; lastKnownFileType = sourcecode.swift; path = ChronicConditionViewController.swift; sourceTree = "<group>"; };
		5589E15E2C22FF0700D56AC8 /* MedicationUsageViewController.swift */ = {isa = PBXFileReference; lastKnownFileType = sourcecode.swift; path = MedicationUsageViewController.swift; sourceTree = "<group>"; };
		5589E1602C22FF1700D56AC8 /* ActivityLevelViewController.swift */ = {isa = PBXFileReference; lastKnownFileType = sourcecode.swift; path = ActivityLevelViewController.swift; sourceTree = "<group>"; };
		5589E1622C22FF2400D56AC8 /* ResidenceViewController.swift */ = {isa = PBXFileReference; lastKnownFileType = sourcecode.swift; path = ResidenceViewController.swift; sourceTree = "<group>"; };
		5589E1642C2303D900D56AC8 /* PrivacyConsentViewController.swift */ = {isa = PBXFileReference; lastKnownFileType = sourcecode.swift; path = PrivacyConsentViewController.swift; sourceTree = "<group>"; };
		5596320F2C244D3E0016F826 /* TrainingMainViewController.swift */ = {isa = PBXFileReference; lastKnownFileType = sourcecode.swift; path = TrainingMainViewController.swift; sourceTree = "<group>"; };
		559632112C2453CC0016F826 /* Trophy.storyboard */ = {isa = PBXFileReference; fileEncoding = 4; lastKnownFileType = file.storyboard; path = Trophy.storyboard; sourceTree = "<group>"; };
		559632132C2454270016F826 /* Store.storyboard */ = {isa = PBXFileReference; fileEncoding = 4; lastKnownFileType = file.storyboard; path = Store.storyboard; sourceTree = "<group>"; };
		559632152C24545C0016F826 /* PersonInfo.storyboard */ = {isa = PBXFileReference; fileEncoding = 4; lastKnownFileType = file.storyboard; path = PersonInfo.storyboard; sourceTree = "<group>"; };
		559632172C2454C50016F826 /* Training.storyboard */ = {isa = PBXFileReference; fileEncoding = 4; lastKnownFileType = file.storyboard; path = Training.storyboard; sourceTree = "<group>"; };
		55B7AAB52C256522002B6964 /* TakePhone.storyboard */ = {isa = PBXFileReference; fileEncoding = 4; lastKnownFileType = file.storyboard; path = TakePhone.storyboard; sourceTree = "<group>"; };
		55B7AAB72C25652F002B6964 /* TakePhoneViewController.swift */ = {isa = PBXFileReference; fileEncoding = 4; lastKnownFileType = sourcecode.swift; path = TakePhoneViewController.swift; sourceTree = "<group>"; };
		55B7AAB92C2565DD002B6964 /* SiteVisit.storyboard */ = {isa = PBXFileReference; fileEncoding = 4; lastKnownFileType = file.storyboard; path = SiteVisit.storyboard; sourceTree = "<group>"; };
		55B7AABD2C2565F7002B6964 /* GroupTask.storyboard */ = {isa = PBXFileReference; fileEncoding = 4; lastKnownFileType = file.storyboard; path = GroupTask.storyboard; sourceTree = "<group>"; };
		55B7AABF2C2565FF002B6964 /* GroupTaskViewController.swift */ = {isa = PBXFileReference; fileEncoding = 4; lastKnownFileType = sourcecode.swift; path = GroupTaskViewController.swift; sourceTree = "<group>"; };
		55B7AAC12C256609002B6964 /* LevelViewController.swift */ = {isa = PBXFileReference; fileEncoding = 4; lastKnownFileType = sourcecode.swift; path = LevelViewController.swift; sourceTree = "<group>"; };
		55B7AAC32C256611002B6964 /* QuickQuiz.storyboard */ = {isa = PBXFileReference; fileEncoding = 4; lastKnownFileType = file.storyboard; path = QuickQuiz.storyboard; sourceTree = "<group>"; };
		55B7AAC52C25661A002B6964 /* SummaryViewController.swift */ = {isa = PBXFileReference; fileEncoding = 4; lastKnownFileType = sourcecode.swift; path = SummaryViewController.swift; sourceTree = "<group>"; };
		55B7AAC72C256623002B6964 /* TimerViewController.swift */ = {isa = PBXFileReference; fileEncoding = 4; lastKnownFileType = sourcecode.swift; path = TimerViewController.swift; sourceTree = "<group>"; };
		55B7AAC92C25662B002B6964 /* WheelViewController.swift */ = {isa = PBXFileReference; fileEncoding = 4; lastKnownFileType = sourcecode.swift; path = WheelViewController.swift; sourceTree = "<group>"; };
		55BEF16F2C268E1D00DA811B /* RingStatus.swift */ = {isa = PBXFileReference; lastKnownFileType = sourcecode.swift; path = RingStatus.swift; sourceTree = "<group>"; };
		55BEF1A32C292CD100DA811B /* summary.gif */ = {isa = PBXFileReference; lastKnownFileType = image.gif; path = summary.gif; sourceTree = "<group>"; };
		55BEF1A92C293B2500DA811B /* ActivityDiscoveryViewController.swift */ = {isa = PBXFileReference; lastKnownFileType = sourcecode.swift; path = ActivityDiscoveryViewController.swift; sourceTree = "<group>"; };
		55BEF1AB2C293B4A00DA811B /* RouteViewController.swift */ = {isa = PBXFileReference; lastKnownFileType = sourcecode.swift; path = RouteViewController.swift; sourceTree = "<group>"; };
		55BEF1AD2C293BE800DA811B /* Summary2ViewController.swift */ = {isa = PBXFileReference; lastKnownFileType = sourcecode.swift; path = Summary2ViewController.swift; sourceTree = "<group>"; };
		55BEF1AF2C293CBB00DA811B /* PairingViewController.swift */ = {isa = PBXFileReference; lastKnownFileType = sourcecode.swift; path = PairingViewController.swift; sourceTree = "<group>"; };
		55BEF1B12C293CF900DA811B /* PuzzleViewController.swift */ = {isa = PBXFileReference; lastKnownFileType = sourcecode.swift; path = PuzzleViewController.swift; sourceTree = "<group>"; };
		55BEF1B32C293D0600DA811B /* IdentificationViewController.swift */ = {isa = PBXFileReference; lastKnownFileType = sourcecode.swift; path = IdentificationViewController.swift; sourceTree = "<group>"; };
		55D474A42C2014A9000BE329 /* PercepTrail.app */ = {isa = PBXFileReference; explicitFileType = wrapper.application; includeInIndex = 0; path = PercepTrail.app; sourceTree = BUILT_PRODUCTS_DIR; };
		55D474A72C2014A9000BE329 /* AppDelegate.swift */ = {isa = PBXFileReference; lastKnownFileType = sourcecode.swift; path = AppDelegate.swift; sourceTree = "<group>"; };
		55D474A92C2014A9000BE329 /* SceneDelegate.swift */ = {isa = PBXFileReference; lastKnownFileType = sourcecode.swift; path = SceneDelegate.swift; sourceTree = "<group>"; };
		55D474AE2C2014A9000BE329 /* Base */ = {isa = PBXFileReference; lastKnownFileType = file.storyboard; name = Base; path = Base.lproj/Initial.storyboard; sourceTree = "<group>"; };
		55D474B02C2014AA000BE329 /* Assets.xcassets */ = {isa = PBXFileReference; lastKnownFileType = folder.assetcatalog; path = Assets.xcassets; sourceTree = "<group>"; };
		55D474B32C2014AA000BE329 /* Base */ = {isa = PBXFileReference; lastKnownFileType = file.storyboard; name = Base; path = Base.lproj/LaunchScreen.storyboard; sourceTree = "<group>"; };
		55D474B52C2014AA000BE329 /* Info.plist */ = {isa = PBXFileReference; lastKnownFileType = text.plist.xml; path = Info.plist; sourceTree = "<group>"; };
		55D4752F2C20224C000BE329 /* UserPreferences.swift */ = {isa = PBXFileReference; lastKnownFileType = sourcecode.swift; path = UserPreferences.swift; sourceTree = "<group>"; };
		55D475322C202335000BE329 /* AppDefine.swift */ = {isa = PBXFileReference; lastKnownFileType = sourcecode.swift; path = AppDefine.swift; sourceTree = "<group>"; };
		55D475472C204C61000BE329 /* UIColor+Custom.swift */ = {isa = PBXFileReference; lastKnownFileType = sourcecode.swift; path = "UIColor+Custom.swift"; sourceTree = "<group>"; };
		55D475492C2073CA000BE329 /* Notification+CustomName.swift */ = {isa = PBXFileReference; lastKnownFileType = sourcecode.swift; path = "Notification+CustomName.swift"; sourceTree = "<group>"; };
		55D4754C2C2077A9000BE329 /* CommandBase.swift */ = {isa = PBXFileReference; lastKnownFileType = sourcecode.swift; path = CommandBase.swift; sourceTree = "<group>"; };
		55D4754E2C2077DF000BE329 /* Alert.swift */ = {isa = PBXFileReference; lastKnownFileType = sourcecode.swift; path = Alert.swift; sourceTree = "<group>"; };
		55D475502C207961000BE329 /* Alert+AddMultipleActions.swift */ = {isa = PBXFileReference; lastKnownFileType = sourcecode.swift; path = "Alert+AddMultipleActions.swift"; sourceTree = "<group>"; };
		55DB49B82C245BE700397C97 /* NewLaunchScreenViewController.swift */ = {isa = PBXFileReference; lastKnownFileType = sourcecode.swift; path = NewLaunchScreenViewController.swift; sourceTree = "<group>"; };
		7B352EA52C2A94C500D92A43 /* ActivityAnnotation.swift */ = {isa = PBXFileReference; lastKnownFileType = sourcecode.swift; path = ActivityAnnotation.swift; sourceTree = "<group>"; };
		7B352EA72C2A9E3C00D92A43 /* ChatGPT4VisionRequest.swift */ = {isa = PBXFileReference; lastKnownFileType = sourcecode.swift; path = ChatGPT4VisionRequest.swift; sourceTree = "<group>"; };
		7B352EA92C2A9E5E00D92A43 /* ChatGPT4VisionResponse.swift */ = {isa = PBXFileReference; lastKnownFileType = sourcecode.swift; path = ChatGPT4VisionResponse.swift; sourceTree = "<group>"; };
		7B352EAC2C2BB97100D92A43 /* PercepTrail.entitlements */ = {isa = PBXFileReference; lastKnownFileType = text.plist.entitlements; path = PercepTrail.entitlements; sourceTree = "<group>"; };
		7B3ED5BE2C26EA150066149A /* MainTabBarController.swift */ = {isa = PBXFileReference; lastKnownFileType = sourcecode.swift; path = MainTabBarController.swift; sourceTree = "<group>"; };
		7B3ED5C02C26EE120066149A /* UIImage+Resized.swift */ = {isa = PBXFileReference; lastKnownFileType = sourcecode.swift; path = "UIImage+Resized.swift"; sourceTree = "<group>"; };
		7B77263F2C28089500D71DCB /* LocalDatabase.swift */ = {isa = PBXFileReference; lastKnownFileType = sourcecode.swift; path = LocalDatabase.swift; sourceTree = "<group>"; };
		7BC7560A2C2D1FC700EF60AD /* SettlementViewController.swift */ = {isa = PBXFileReference; lastKnownFileType = sourcecode.swift; path = SettlementViewController.swift; sourceTree = "<group>"; };
		7BF18EE92C34E62700D110A1 /* GeneralResponse.swift */ = {isa = PBXFileReference; lastKnownFileType = sourcecode.swift; path = GeneralResponse.swift; sourceTree = "<group>"; };
/* End PBXFileReference section */

/* Begin PBXFrameworksBuildPhase section */
		55D474A12C2014A9000BE329 /* Frameworks */ = {
			isa = PBXFrameworksBuildPhase;
			buildActionMask = 2147483647;
			files = (
				55BEF1A02C292C1100DA811B /* SDWebImage in Frameworks */,
				7B77263D2C28028500D71DCB /* SQLite in Frameworks */,
				55B7AA7F2C255001002B6964 /* SwiftFortuneWheel in Frameworks */,
				55B7AA822C25518E002B6964 /* MKRingProgressView in Frameworks */,
				551C5A952C2B030800EB4553 /* MaterialShowcase in Frameworks */,
				55BEF15D2C266B2200DA811B /* ProgressIndicatorView in Frameworks */,
				55BEF1A22C292C1100DA811B /* SDWebImageMapKit in Frameworks */,
				55D475552C207D7A000BE329 /* IQKeyboardManagerSwift in Frameworks */,
			);
			runOnlyForDeploymentPostprocessing = 0;
		};
/* End PBXFrameworksBuildPhase section */

/* Begin PBXGroup section */
		5507D8AE2C208A4900A47FA3 /* Network */ = {
			isa = PBXGroup;
			children = (
				5507D8C82C208C7F00A47FA3 /* HTTP */,
				5507D8C22C208BAB00A47FA3 /* ErrorType.swift */,
				5507D8C42C208BCF00A47FA3 /* PercepTrailNetworkManager.swift */,
				5507D8C62C208BE800A47FA3 /* RequestError.swift */,
				5507D8CF2C208D1600A47FA3 /* PercepTrailDataAPIClient.swift */,
			);
			path = Network;
			sourceTree = "<group>";
		};
		5507D8C82C208C7F00A47FA3 /* HTTP */ = {
			isa = PBXGroup;
			children = (
				5507D8C92C208C9000A47FA3 /* ContentType.swift */,
				5507D8CB2C208CB000A47FA3 /* HeaderFields.swift */,
				5507D8CD2C208CC400A47FA3 /* RequestMethod.swift */,
			);
			path = HTTP;
			sourceTree = "<group>";
		};
		554046002C214B1C004AA6CC /* Initial Flow */ = {
			isa = PBXGroup;
			children = (
				55D474AD2C2014A9000BE329 /* Initial.storyboard */,
				5589E1502C22E61100D56AC8 /* WelcomeViewController.swift */,
				5589E1522C22FE5800D56AC8 /* NicknameViewController.swift */,
				5589E1542C22FEB000D56AC8 /* BirthDateViewController.swift */,
				5589E1562C22FEC000D56AC8 /* GenderViewController.swift */,
				5589E1582C22FECF00D56AC8 /* HeightViewController.swift */,
				5589E15A2C22FEE000D56AC8 /* WeightViewController.swift */,
				5589E15C2C22FEF100D56AC8 /* ChronicConditionViewController.swift */,
				5589E15E2C22FF0700D56AC8 /* MedicationUsageViewController.swift */,
				5589E1602C22FF1700D56AC8 /* ActivityLevelViewController.swift */,
				5589E1622C22FF2400D56AC8 /* ResidenceViewController.swift */,
				5589E1642C2303D900D56AC8 /* PrivacyConsentViewController.swift */,
			);
			path = "Initial Flow";
			sourceTree = "<group>";
		};
		5589E14C2C22E1FA00D56AC8 /* Main Flow */ = {
			isa = PBXGroup;
			children = (
				5589E14D2C22E33400D56AC8 /* Main.storyboard */,
				55DB49B82C245BE700397C97 /* NewLaunchScreenViewController.swift */,
				551C5A6B2C29915A00EB4553 /* ExerciseViewController.swift */,
				551C5A6D2C29917300EB4553 /* WorkoutViewController.swift */,
				559632192C2454F60016F826 /* Training */,
				5596321C2C24553F0016F826 /* Trophy */,
				5596321B2C24552E0016F826 /* Store */,
				5596321A2C2455170016F826 /* PersonInfo */,
			);
			path = "Main Flow";
			sourceTree = "<group>";
		};
		559632192C2454F60016F826 /* Training */ = {
			isa = PBXGroup;
			children = (
				559632172C2454C50016F826 /* Training.storyboard */,
				5596320F2C244D3E0016F826 /* TrainingMainViewController.swift */,
				55B7AA9B2C2561E4002B6964 /* TakePhone */,
				55B7AAA02C25627D002B6964 /* SiteVisit */,
				55B7AAAA2C256373002B6964 /* QuickQuiz */,
				55B7AAA52C256317002B6964 /* GroupTask */,
			);
			path = Training;
			sourceTree = "<group>";
		};
		5596321A2C2455170016F826 /* PersonInfo */ = {
			isa = PBXGroup;
			children = (
				559632152C24545C0016F826 /* PersonInfo.storyboard */,
			);
			path = PersonInfo;
			sourceTree = "<group>";
		};
		5596321B2C24552E0016F826 /* Store */ = {
			isa = PBXGroup;
			children = (
				559632132C2454270016F826 /* Store.storyboard */,
			);
			path = Store;
			sourceTree = "<group>";
		};
		5596321C2C24553F0016F826 /* Trophy */ = {
			isa = PBXGroup;
			children = (
				559632112C2453CC0016F826 /* Trophy.storyboard */,
			);
			path = Trophy;
			sourceTree = "<group>";
		};
		5596321D2C2455760016F826 /* Components */ = {
			isa = PBXGroup;
			children = (
				55BEF1AD2C293BE800DA811B /* Summary2ViewController.swift */,
			);
			path = Components;
			sourceTree = "<group>";
		};
		55B7AA9B2C2561E4002B6964 /* TakePhone */ = {
			isa = PBXGroup;
			children = (
				55B7AAB72C25652F002B6964 /* TakePhoneViewController.swift */,
				55B7AAB52C256522002B6964 /* TakePhone.storyboard */,
			);
			path = TakePhone;
			sourceTree = "<group>";
		};
		55B7AAA02C25627D002B6964 /* SiteVisit */ = {
			isa = PBXGroup;
			children = (
				55B7AAB92C2565DD002B6964 /* SiteVisit.storyboard */,
				55BEF1A92C293B2500DA811B /* ActivityDiscoveryViewController.swift */,
				55BEF1AB2C293B4A00DA811B /* RouteViewController.swift */,
				7BC7560A2C2D1FC700EF60AD /* SettlementViewController.swift */,
				55BEF1A52C29343F00DA811B /* 3Games */,
			);
			path = SiteVisit;
			sourceTree = "<group>";
		};
		55B7AAA52C256317002B6964 /* GroupTask */ = {
			isa = PBXGroup;
			children = (
				55B7AABD2C2565F7002B6964 /* GroupTask.storyboard */,
				55B7AABF2C2565FF002B6964 /* GroupTaskViewController.swift */,
			);
			path = GroupTask;
			sourceTree = "<group>";
		};
		55B7AAAA2C256373002B6964 /* QuickQuiz */ = {
			isa = PBXGroup;
			children = (
				55B7AAC32C256611002B6964 /* QuickQuiz.storyboard */,
				55B7AAC92C25662B002B6964 /* WheelViewController.swift */,
				55B7AAC72C256623002B6964 /* TimerViewController.swift */,
				55B7AAC12C256609002B6964 /* LevelViewController.swift */,
				55B7AAC52C25661A002B6964 /* SummaryViewController.swift */,
			);
			path = QuickQuiz;
			sourceTree = "<group>";
		};
		55BEF1A52C29343F00DA811B /* 3Games */ = {
			isa = PBXGroup;
			children = (
				55BEF1A82C2934CB00DA811B /* Pairing */,
				55BEF1A72C2934C000DA811B /* Puzzle */,
				55BEF1A62C2934B800DA811B /* Identification */,
				5596321D2C2455760016F826 /* Components */,
			);
			path = 3Games;
			sourceTree = "<group>";
		};
		55BEF1A62C2934B800DA811B /* Identification */ = {
			isa = PBXGroup;
			children = (
				55BEF1B32C293D0600DA811B /* IdentificationViewController.swift */,
			);
			path = Identification;
			sourceTree = "<group>";
		};
		55BEF1A72C2934C000DA811B /* Puzzle */ = {
			isa = PBXGroup;
			children = (
				55BEF1B12C293CF900DA811B /* PuzzleViewController.swift */,
			);
			path = Puzzle;
			sourceTree = "<group>";
		};
		55BEF1A82C2934CB00DA811B /* Pairing */ = {
			isa = PBXGroup;
			children = (
				55BEF1AF2C293CBB00DA811B /* PairingViewController.swift */,
			);
			path = Pairing;
			sourceTree = "<group>";
		};
		55D4749B2C2014A9000BE329 = {
			isa = PBXGroup;
			children = (
				55D474A62C2014A9000BE329 /* PercepTrail */,
				55D474A52C2014A9000BE329 /* Products */,
			);
			sourceTree = "<group>";
		};
		55D474A52C2014A9000BE329 /* Products */ = {
			isa = PBXGroup;
			children = (
				55D474A42C2014A9000BE329 /* PercepTrail.app */,
			);
			name = Products;
			sourceTree = "<group>";
		};
		55D474A62C2014A9000BE329 /* PercepTrail */ = {
			isa = PBXGroup;
			children = (
				7B352EAC2C2BB97100D92A43 /* PercepTrail.entitlements */,
				55D474A72C2014A9000BE329 /* AppDelegate.swift */,
				55D474A92C2014A9000BE329 /* SceneDelegate.swift */,
				55D474B22C2014AA000BE329 /* LaunchScreen.storyboard */,
				55D474B52C2014AA000BE329 /* Info.plist */,
				55D4754B2C207786000BE329 /* Utilities */,
				55D4752C2C2019AF000BE329 /* Models */,
				7B3ED5BB2C26E94F0066149A /* Components */,
				55D4752D2C2019B7000BE329 /* ViewControllers */,
				55D4752B2C20192C000BE329 /* Resources */,
			);
			path = PercepTrail;
			sourceTree = "<group>";
		};
		55D4752B2C20192C000BE329 /* Resources */ = {
			isa = PBXGroup;
			children = (
				55BEF1A32C292CD100DA811B /* summary.gif */,
				55D474B02C2014AA000BE329 /* Assets.xcassets */,
			);
			path = Resources;
			sourceTree = "<group>";
		};
		55D4752C2C2019AF000BE329 /* Models */ = {
			isa = PBXGroup;
			children = (
				7B77263E2C28087900D71DCB /* Database */,
				55D475522C207CF7000BE329 /* API */,
				5507D8AE2C208A4900A47FA3 /* Network */,
				55D4752E2C20220C000BE329 /* Extensions */,
				55D4752F2C20224C000BE329 /* UserPreferences.swift */,
				55D475322C202335000BE329 /* AppDefine.swift */,
				7B352EA52C2A94C500D92A43 /* ActivityAnnotation.swift */,
			);
			path = Models;
			sourceTree = "<group>";
		};
		55D4752D2C2019B7000BE329 /* ViewControllers */ = {
			isa = PBXGroup;
			children = (
				554046002C214B1C004AA6CC /* Initial Flow */,
				5589E14C2C22E1FA00D56AC8 /* Main Flow */,
			);
			path = ViewControllers;
			sourceTree = "<group>";
		};
		55D4752E2C20220C000BE329 /* Extensions */ = {
			isa = PBXGroup;
			children = (
				5507D8C02C208B9300A47FA3 /* Encodable+JsonToDict.swift */,
				55D475472C204C61000BE329 /* UIColor+Custom.swift */,
				55D475492C2073CA000BE329 /* Notification+CustomName.swift */,
				55D475502C207961000BE329 /* Alert+AddMultipleActions.swift */,
				7B3ED5C02C26EE120066149A /* UIImage+Resized.swift */,
			);
			path = Extensions;
			sourceTree = "<group>";
		};
		55D4754B2C207786000BE329 /* Utilities */ = {
			isa = PBXGroup;
			children = (
				55D4754C2C2077A9000BE329 /* CommandBase.swift */,
				55D4754E2C2077DF000BE329 /* Alert.swift */,
			);
			path = Utilities;
			sourceTree = "<group>";
		};
		55D475522C207CF7000BE329 /* API */ = {
			isa = PBXGroup;
			children = (
				7B352EA72C2A9E3C00D92A43 /* ChatGPT4VisionRequest.swift */,
				7B352EA92C2A9E5E00D92A43 /* ChatGPT4VisionResponse.swift */,
				7BF18EE92C34E62700D110A1 /* GeneralResponse.swift */,
			);
			path = API;
			sourceTree = "<group>";
		};
		7B3ED5BB2C26E94F0066149A /* Components */ = {
			isa = PBXGroup;
			children = (
				7B3ED5BE2C26EA150066149A /* MainTabBarController.swift */,
				55BEF16F2C268E1D00DA811B /* RingStatus.swift */,
				551C5A6F2C29B19400EB4553 /* ProgressIndicatorViewWrapper.swift */,
			);
			path = Components;
			sourceTree = "<group>";
		};
		7B77263E2C28087900D71DCB /* Database */ = {
			isa = PBXGroup;
			children = (
				7B77263F2C28089500D71DCB /* LocalDatabase.swift */,
			);
			path = Database;
			sourceTree = "<group>";
		};
/* End PBXGroup section */

/* Begin PBXNativeTarget section */
		55D474A32C2014A9000BE329 /* PercepTrail */ = {
			isa = PBXNativeTarget;
			buildConfigurationList = 55D474B82C2014AA000BE329 /* Build configuration list for PBXNativeTarget "PercepTrail" */;
			buildPhases = (
				55D474A02C2014A9000BE329 /* Sources */,
				55D474A12C2014A9000BE329 /* Frameworks */,
				55D474A22C2014A9000BE329 /* Resources */,
			);
			buildRules = (
			);
			dependencies = (
			);
			name = PercepTrail;
			packageProductDependencies = (
				55D475542C207D7A000BE329 /* IQKeyboardManagerSwift */,
				55B7AA7E2C255001002B6964 /* SwiftFortuneWheel */,
				55B7AA812C25518E002B6964 /* MKRingProgressView */,
				55BEF15C2C266B2200DA811B /* ProgressIndicatorView */,
				7B77263C2C28028500D71DCB /* SQLite */,
				55BEF19F2C292C1100DA811B /* SDWebImage */,
				55BEF1A12C292C1100DA811B /* SDWebImageMapKit */,
				551C5A942C2B030800EB4553 /* MaterialShowcase */,
			);
			productName = PercepTrail;
			productReference = 55D474A42C2014A9000BE329 /* PercepTrail.app */;
			productType = "com.apple.product-type.application";
		};
/* End PBXNativeTarget section */

/* Begin PBXProject section */
		55D4749C2C2014A9000BE329 /* Project object */ = {
			isa = PBXProject;
			attributes = {
				BuildIndependentTargetsInParallel = 1;
				LastSwiftUpdateCheck = 1530;
				LastUpgradeCheck = 1530;
				TargetAttributes = {
					55D474A32C2014A9000BE329 = {
						CreatedOnToolsVersion = 15.3;
					};
				};
			};
			buildConfigurationList = 55D4749F2C2014A9000BE329 /* Build configuration list for PBXProject "PercepTrail" */;
			compatibilityVersion = "Xcode 14.0";
			developmentRegion = en;
			hasScannedForEncodings = 0;
			knownRegions = (
				en,
				Base,
			);
			mainGroup = 55D4749B2C2014A9000BE329;
			packageReferences = (
				55D475532C207D7A000BE329 /* XCRemoteSwiftPackageReference "IQKeyboardManager" */,
				55B7AA7D2C255001002B6964 /* XCRemoteSwiftPackageReference "SwiftFortuneWheel" */,
				55B7AA802C25518E002B6964 /* XCRemoteSwiftPackageReference "MKRingProgressView" */,
				55BEF15B2C266B2200DA811B /* XCRemoteSwiftPackageReference "ProgressIndicatorView" */,
				7B77263B2C28028500D71DCB /* XCRemoteSwiftPackageReference "SQLite.swift" */,
				55BEF19E2C292C1100DA811B /* XCRemoteSwiftPackageReference "SDWebImage" */,
				551C5A932C2B030800EB4553 /* XCRemoteSwiftPackageReference "material-showcase-ios" */,
			);
			productRefGroup = 55D474A52C2014A9000BE329 /* Products */;
			projectDirPath = "";
			projectRoot = "";
			targets = (
				55D474A32C2014A9000BE329 /* PercepTrail */,
			);
		};
/* End PBXProject section */

/* Begin PBXResourcesBuildPhase section */
		55D474A22C2014A9000BE329 /* Resources */ = {
			isa = PBXResourcesBuildPhase;
			buildActionMask = 2147483647;
			files = (
				55B7AAC42C256611002B6964 /* QuickQuiz.storyboard in Resources */,
				55D474B12C2014AA000BE329 /* Assets.xcassets in Resources */,
				55D474B42C2014AA000BE329 /* Base in Resources */,
				55BEF1A42C292CD100DA811B /* summary.gif in Resources */,
				559632122C2453CC0016F826 /* Trophy.storyboard in Resources */,
				559632182C2454C50016F826 /* Training.storyboard in Resources */,
				55D474AF2C2014A9000BE329 /* Base in Resources */,
				55B7AAB62C256522002B6964 /* TakePhone.storyboard in Resources */,
				5589E14F2C22E34400D56AC8 /* Initial.storyboard in Resources */,
				559632142C2454270016F826 /* Store.storyboard in Resources */,
				5589E14E2C22E33400D56AC8 /* Main.storyboard in Resources */,
				559632162C24545C0016F826 /* PersonInfo.storyboard in Resources */,
				55B7AABA2C2565DD002B6964 /* SiteVisit.storyboard in Resources */,
				55B7AABE2C2565F7002B6964 /* GroupTask.storyboard in Resources */,
			);
			runOnlyForDeploymentPostprocessing = 0;
		};
/* End PBXResourcesBuildPhase section */

/* Begin PBXSourcesBuildPhase section */
		55D474A02C2014A9000BE329 /* Sources */ = {
			isa = PBXSourcesBuildPhase;
			buildActionMask = 2147483647;
			files = (
				5507D8C72C208BE800A47FA3 /* RequestError.swift in Sources */,
				55BEF1AC2C293B4A00DA811B /* RouteViewController.swift in Sources */,
				7B3ED5BF2C26EA150066149A /* MainTabBarController.swift in Sources */,
				5589E1592C22FECF00D56AC8 /* HeightViewController.swift in Sources */,
				5507D8C12C208B9300A47FA3 /* Encodable+JsonToDict.swift in Sources */,
				55B7AAC02C2565FF002B6964 /* GroupTaskViewController.swift in Sources */,
				55BEF1B22C293CF900DA811B /* PuzzleViewController.swift in Sources */,
				55D475302C20224C000BE329 /* UserPreferences.swift in Sources */,
				5589E1652C2303D900D56AC8 /* PrivacyConsentViewController.swift in Sources */,
				55D475482C204C61000BE329 /* UIColor+Custom.swift in Sources */,
				55BEF1B02C293CBB00DA811B /* PairingViewController.swift in Sources */,
				55BEF1702C268E1D00DA811B /* RingStatus.swift in Sources */,
				55BEF1B42C293D0600DA811B /* IdentificationViewController.swift in Sources */,
				55B7AAB82C25652F002B6964 /* TakePhoneViewController.swift in Sources */,
				55B7AACA2C25662B002B6964 /* WheelViewController.swift in Sources */,
				5589E15F2C22FF0700D56AC8 /* MedicationUsageViewController.swift in Sources */,
				55B7AAC82C256623002B6964 /* TimerViewController.swift in Sources */,
				5589E1532C22FE5800D56AC8 /* NicknameViewController.swift in Sources */,
				7BC7560B2C2D1FC700EF60AD /* SettlementViewController.swift in Sources */,
				7BF18EEA2C34E62700D110A1 /* GeneralResponse.swift in Sources */,
				5589E1512C22E61100D56AC8 /* WelcomeViewController.swift in Sources */,
				55D4754D2C2077A9000BE329 /* CommandBase.swift in Sources */,
				7B352EAA2C2A9E5E00D92A43 /* ChatGPT4VisionResponse.swift in Sources */,
				551C5A702C29B19400EB4553 /* ProgressIndicatorViewWrapper.swift in Sources */,
				55DB49B92C245BE700397C97 /* NewLaunchScreenViewController.swift in Sources */,
				5589E1572C22FEC000D56AC8 /* GenderViewController.swift in Sources */,
				551C5A6E2C29917300EB4553 /* WorkoutViewController.swift in Sources */,
				55D475332C202335000BE329 /* AppDefine.swift in Sources */,
				5507D8C32C208BAB00A47FA3 /* ErrorType.swift in Sources */,
				5589E15D2C22FEF100D56AC8 /* ChronicConditionViewController.swift in Sources */,
				55BEF1AA2C293B2500DA811B /* ActivityDiscoveryViewController.swift in Sources */,
				55D474A82C2014A9000BE329 /* AppDelegate.swift in Sources */,
				7B3ED5C12C26EE120066149A /* UIImage+Resized.swift in Sources */,
				55D4754F2C2077DF000BE329 /* Alert.swift in Sources */,
				55D474AA2C2014A9000BE329 /* SceneDelegate.swift in Sources */,
				55D475512C207962000BE329 /* Alert+AddMultipleActions.swift in Sources */,
				5507D8CE2C208CC400A47FA3 /* RequestMethod.swift in Sources */,
				559632102C244D3E0016F826 /* TrainingMainViewController.swift in Sources */,
				7B7726402C28089500D71DCB /* LocalDatabase.swift in Sources */,
				5507D8D02C208D1600A47FA3 /* PercepTrailDataAPIClient.swift in Sources */,
				55D4754A2C2073CA000BE329 /* Notification+CustomName.swift in Sources */,
				5507D8C52C208BCF00A47FA3 /* PercepTrailNetworkManager.swift in Sources */,
				5507D8CA2C208C9000A47FA3 /* ContentType.swift in Sources */,
				5589E1552C22FEB000D56AC8 /* BirthDateViewController.swift in Sources */,
				5589E15B2C22FEE000D56AC8 /* WeightViewController.swift in Sources */,
				55B7AAC22C256609002B6964 /* LevelViewController.swift in Sources */,
				5589E1612C22FF1700D56AC8 /* ActivityLevelViewController.swift in Sources */,
				5507D8CC2C208CB000A47FA3 /* HeaderFields.swift in Sources */,
				7B352EA82C2A9E3C00D92A43 /* ChatGPT4VisionRequest.swift in Sources */,
				5589E1632C22FF2400D56AC8 /* ResidenceViewController.swift in Sources */,
				55B7AAC62C25661A002B6964 /* SummaryViewController.swift in Sources */,
				551C5A6C2C29915A00EB4553 /* ExerciseViewController.swift in Sources */,
				55BEF1AE2C293BFC00DA811B /* Summary2ViewController.swift in Sources */,
				7B352EA62C2A94C500D92A43 /* ActivityAnnotation.swift in Sources */,
			);
			runOnlyForDeploymentPostprocessing = 0;
		};
/* End PBXSourcesBuildPhase section */

/* Begin PBXVariantGroup section */
		55D474AD2C2014A9000BE329 /* Initial.storyboard */ = {
			isa = PBXVariantGroup;
			children = (
				55D474AE2C2014A9000BE329 /* Base */,
			);
			name = Initial.storyboard;
			sourceTree = "<group>";
		};
		55D474B22C2014AA000BE329 /* LaunchScreen.storyboard */ = {
			isa = PBXVariantGroup;
			children = (
				55D474B32C2014AA000BE329 /* Base */,
			);
			name = LaunchScreen.storyboard;
			sourceTree = "<group>";
		};
/* End PBXVariantGroup section */

/* Begin XCBuildConfiguration section */
		55D474B62C2014AA000BE329 /* Debug */ = {
			isa = XCBuildConfiguration;
			buildSettings = {
				ALWAYS_SEARCH_USER_PATHS = NO;
				ASSETCATALOG_COMPILER_GENERATE_SWIFT_ASSET_SYMBOL_EXTENSIONS = YES;
				CLANG_ANALYZER_NONNULL = YES;
				CLANG_ANALYZER_NUMBER_OBJECT_CONVERSION = YES_AGGRESSIVE;
				CLANG_CXX_LANGUAGE_STANDARD = "gnu++20";
				CLANG_ENABLE_MODULES = YES;
				CLANG_ENABLE_OBJC_ARC = YES;
				CLANG_ENABLE_OBJC_WEAK = YES;
				CLANG_WARN_BLOCK_CAPTURE_AUTORELEASING = YES;
				CLANG_WARN_BOOL_CONVERSION = YES;
				CLANG_WARN_COMMA = YES;
				CLANG_WARN_CONSTANT_CONVERSION = YES;
				CLANG_WARN_DEPRECATED_OBJC_IMPLEMENTATIONS = YES;
				CLANG_WARN_DIRECT_OBJC_ISA_USAGE = YES_ERROR;
				CLANG_WARN_DOCUMENTATION_COMMENTS = YES;
				CLANG_WARN_EMPTY_BODY = YES;
				CLANG_WARN_ENUM_CONVERSION = YES;
				CLANG_WARN_INFINITE_RECURSION = YES;
				CLANG_WARN_INT_CONVERSION = YES;
				CLANG_WARN_NON_LITERAL_NULL_CONVERSION = YES;
				CLANG_WARN_OBJC_IMPLICIT_RETAIN_SELF = YES;
				CLANG_WARN_OBJC_LITERAL_CONVERSION = YES;
				CLANG_WARN_OBJC_ROOT_CLASS = YES_ERROR;
				CLANG_WARN_QUOTED_INCLUDE_IN_FRAMEWORK_HEADER = YES;
				CLANG_WARN_RANGE_LOOP_ANALYSIS = YES;
				CLANG_WARN_STRICT_PROTOTYPES = YES;
				CLANG_WARN_SUSPICIOUS_MOVE = YES;
				CLANG_WARN_UNGUARDED_AVAILABILITY = YES_AGGRESSIVE;
				CLANG_WARN_UNREACHABLE_CODE = YES;
				CLANG_WARN__DUPLICATE_METHOD_MATCH = YES;
				COPY_PHASE_STRIP = NO;
				DEBUG_INFORMATION_FORMAT = dwarf;
				ENABLE_STRICT_OBJC_MSGSEND = YES;
				ENABLE_TESTABILITY = YES;
				ENABLE_USER_SCRIPT_SANDBOXING = YES;
				GCC_C_LANGUAGE_STANDARD = gnu17;
				GCC_DYNAMIC_NO_PIC = NO;
				GCC_NO_COMMON_BLOCKS = YES;
				GCC_OPTIMIZATION_LEVEL = 0;
				GCC_PREPROCESSOR_DEFINITIONS = (
					"DEBUG=1",
					"$(inherited)",
				);
				GCC_WARN_64_TO_32_BIT_CONVERSION = YES;
				GCC_WARN_ABOUT_RETURN_TYPE = YES_ERROR;
				GCC_WARN_UNDECLARED_SELECTOR = YES;
				GCC_WARN_UNINITIALIZED_AUTOS = YES_AGGRESSIVE;
				GCC_WARN_UNUSED_FUNCTION = YES;
				GCC_WARN_UNUSED_VARIABLE = YES;
				IPHONEOS_DEPLOYMENT_TARGET = 17.4;
				LOCALIZATION_PREFERS_STRING_CATALOGS = YES;
				MTL_ENABLE_DEBUG_INFO = INCLUDE_SOURCE;
				MTL_FAST_MATH = YES;
				ONLY_ACTIVE_ARCH = YES;
				SDKROOT = iphoneos;
				SWIFT_ACTIVE_COMPILATION_CONDITIONS = "DEBUG $(inherited)";
				SWIFT_OPTIMIZATION_LEVEL = "-Onone";
			};
			name = Debug;
		};
		55D474B72C2014AA000BE329 /* Release */ = {
			isa = XCBuildConfiguration;
			buildSettings = {
				ALWAYS_SEARCH_USER_PATHS = NO;
				ASSETCATALOG_COMPILER_GENERATE_SWIFT_ASSET_SYMBOL_EXTENSIONS = YES;
				CLANG_ANALYZER_NONNULL = YES;
				CLANG_ANALYZER_NUMBER_OBJECT_CONVERSION = YES_AGGRESSIVE;
				CLANG_CXX_LANGUAGE_STANDARD = "gnu++20";
				CLANG_ENABLE_MODULES = YES;
				CLANG_ENABLE_OBJC_ARC = YES;
				CLANG_ENABLE_OBJC_WEAK = YES;
				CLANG_WARN_BLOCK_CAPTURE_AUTORELEASING = YES;
				CLANG_WARN_BOOL_CONVERSION = YES;
				CLANG_WARN_COMMA = YES;
				CLANG_WARN_CONSTANT_CONVERSION = YES;
				CLANG_WARN_DEPRECATED_OBJC_IMPLEMENTATIONS = YES;
				CLANG_WARN_DIRECT_OBJC_ISA_USAGE = YES_ERROR;
				CLANG_WARN_DOCUMENTATION_COMMENTS = YES;
				CLANG_WARN_EMPTY_BODY = YES;
				CLANG_WARN_ENUM_CONVERSION = YES;
				CLANG_WARN_INFINITE_RECURSION = YES;
				CLANG_WARN_INT_CONVERSION = YES;
				CLANG_WARN_NON_LITERAL_NULL_CONVERSION = YES;
				CLANG_WARN_OBJC_IMPLICIT_RETAIN_SELF = YES;
				CLANG_WARN_OBJC_LITERAL_CONVERSION = YES;
				CLANG_WARN_OBJC_ROOT_CLASS = YES_ERROR;
				CLANG_WARN_QUOTED_INCLUDE_IN_FRAMEWORK_HEADER = YES;
				CLANG_WARN_RANGE_LOOP_ANALYSIS = YES;
				CLANG_WARN_STRICT_PROTOTYPES = YES;
				CLANG_WARN_SUSPICIOUS_MOVE = YES;
				CLANG_WARN_UNGUARDED_AVAILABILITY = YES_AGGRESSIVE;
				CLANG_WARN_UNREACHABLE_CODE = YES;
				CLANG_WARN__DUPLICATE_METHOD_MATCH = YES;
				COPY_PHASE_STRIP = NO;
				DEBUG_INFORMATION_FORMAT = "dwarf-with-dsym";
				ENABLE_NS_ASSERTIONS = NO;
				ENABLE_STRICT_OBJC_MSGSEND = YES;
				ENABLE_USER_SCRIPT_SANDBOXING = YES;
				GCC_C_LANGUAGE_STANDARD = gnu17;
				GCC_NO_COMMON_BLOCKS = YES;
				GCC_WARN_64_TO_32_BIT_CONVERSION = YES;
				GCC_WARN_ABOUT_RETURN_TYPE = YES_ERROR;
				GCC_WARN_UNDECLARED_SELECTOR = YES;
				GCC_WARN_UNINITIALIZED_AUTOS = YES_AGGRESSIVE;
				GCC_WARN_UNUSED_FUNCTION = YES;
				GCC_WARN_UNUSED_VARIABLE = YES;
				IPHONEOS_DEPLOYMENT_TARGET = 17.4;
				LOCALIZATION_PREFERS_STRING_CATALOGS = YES;
				MTL_ENABLE_DEBUG_INFO = NO;
				MTL_FAST_MATH = YES;
				SDKROOT = iphoneos;
				SWIFT_COMPILATION_MODE = wholemodule;
				VALIDATE_PRODUCT = YES;
			};
			name = Release;
		};
		55D474B92C2014AA000BE329 /* Debug */ = {
			isa = XCBuildConfiguration;
			buildSettings = {
				ASSETCATALOG_COMPILER_APPICON_NAME = AppIcon;
				ASSETCATALOG_COMPILER_GLOBAL_ACCENT_COLOR_NAME = AccentColor;
				CODE_SIGN_ENTITLEMENTS = PercepTrail/PercepTrail.entitlements;
				CODE_SIGN_STYLE = Automatic;
				CURRENT_PROJECT_VERSION = 1;
				DEVELOPMENT_TEAM = S8FBP4YLUA;
				GENERATE_INFOPLIST_FILE = YES;
				INFOPLIST_FILE = PercepTrail/Info.plist;
				INFOPLIST_KEY_NSCameraUsageDescription = "此應用程式需要使用相機來拍攝照片";
				INFOPLIST_KEY_NSHealthShareUsageDescription = "需要訪問您的活動數據來顯示步數";
				INFOPLIST_KEY_NSHealthUpdateUsageDescription = "需要訪問您的活動數據來顯示步數";
				INFOPLIST_KEY_NSLocationAlwaysAndWhenInUseUsageDescription = "此應用程式需要訪問您的位置來進行活動";
				INFOPLIST_KEY_NSLocationWhenInUseUsageDescription = "此應用程式需要訪問您的位置來進行活動";
				INFOPLIST_KEY_NSPhotoLibraryUsageDescription = "此應用程式需要訪問您的相簿來保存圖片";
				INFOPLIST_KEY_UIApplicationSupportsIndirectInputEvents = YES;
				INFOPLIST_KEY_UILaunchStoryboardName = LaunchScreen;
				INFOPLIST_KEY_UIMainStoryboardFile = Main;
				INFOPLIST_KEY_UISupportedInterfaceOrientations = UIInterfaceOrientationPortrait;
				INFOPLIST_KEY_UISupportedInterfaceOrientations_iPad = "UIInterfaceOrientationLandscapeLeft UIInterfaceOrientationLandscapeRight UIInterfaceOrientationPortrait UIInterfaceOrientationPortraitUpsideDown";
				IPHONEOS_DEPLOYMENT_TARGET = 16.0;
				LD_RUNPATH_SEARCH_PATHS = (
					"$(inherited)",
					"@executable_path/Frameworks",
				);
				MARKETING_VERSION = 1.0;
				PRODUCT_BUNDLE_IDENTIFIER = com.bsj.PercepTrail;
				PRODUCT_NAME = "$(TARGET_NAME)";
				SWIFT_EMIT_LOC_STRINGS = YES;
				SWIFT_VERSION = 5.0;
				TARGETED_DEVICE_FAMILY = "1,2";
			};
			name = Debug;
		};
		55D474BA2C2014AA000BE329 /* Release */ = {
			isa = XCBuildConfiguration;
			buildSettings = {
				ASSETCATALOG_COMPILER_APPICON_NAME = AppIcon;
				ASSETCATALOG_COMPILER_GLOBAL_ACCENT_COLOR_NAME = AccentColor;
				CODE_SIGN_ENTITLEMENTS = PercepTrail/PercepTrail.entitlements;
				CODE_SIGN_STYLE = Automatic;
				CURRENT_PROJECT_VERSION = 1;
				DEVELOPMENT_TEAM = S8FBP4YLUA;
				GENERATE_INFOPLIST_FILE = YES;
				INFOPLIST_FILE = PercepTrail/Info.plist;
				INFOPLIST_KEY_NSCameraUsageDescription = "此應用程式需要使用相機來拍攝照片";
				INFOPLIST_KEY_NSHealthShareUsageDescription = "需要訪問您的活動數據來顯示步數";
				INFOPLIST_KEY_NSHealthUpdateUsageDescription = "需要訪問您的活動數據來顯示步數";
				INFOPLIST_KEY_NSLocationAlwaysAndWhenInUseUsageDescription = "此應用程式需要訪問您的位置來進行活動";
				INFOPLIST_KEY_NSLocationWhenInUseUsageDescription = "此應用程式需要訪問您的位置來進行活動";
				INFOPLIST_KEY_NSPhotoLibraryUsageDescription = "此應用程式需要訪問您的相簿來保存圖片";
				INFOPLIST_KEY_UIApplicationSupportsIndirectInputEvents = YES;
				INFOPLIST_KEY_UILaunchStoryboardName = LaunchScreen;
				INFOPLIST_KEY_UIMainStoryboardFile = Main;
				INFOPLIST_KEY_UISupportedInterfaceOrientations = UIInterfaceOrientationPortrait;
				INFOPLIST_KEY_UISupportedInterfaceOrientations_iPad = "UIInterfaceOrientationLandscapeLeft UIInterfaceOrientationLandscapeRight UIInterfaceOrientationPortrait UIInterfaceOrientationPortraitUpsideDown";
				IPHONEOS_DEPLOYMENT_TARGET = 16.0;
				LD_RUNPATH_SEARCH_PATHS = (
					"$(inherited)",
					"@executable_path/Frameworks",
				);
				MARKETING_VERSION = 1.0;
				PRODUCT_BUNDLE_IDENTIFIER = com.bsj.PercepTrail;
				PRODUCT_NAME = "$(TARGET_NAME)";
				SWIFT_EMIT_LOC_STRINGS = YES;
				SWIFT_VERSION = 5.0;
				TARGETED_DEVICE_FAMILY = "1,2";
			};
			name = Release;
		};
/* End XCBuildConfiguration section */

/* Begin XCConfigurationList section */
		55D4749F2C2014A9000BE329 /* Build configuration list for PBXProject "PercepTrail" */ = {
			isa = XCConfigurationList;
			buildConfigurations = (
				55D474B62C2014AA000BE329 /* Debug */,
				55D474B72C2014AA000BE329 /* Release */,
			);
			defaultConfigurationIsVisible = 0;
			defaultConfigurationName = Release;
		};
		55D474B82C2014AA000BE329 /* Build configuration list for PBXNativeTarget "PercepTrail" */ = {
			isa = XCConfigurationList;
			buildConfigurations = (
				55D474B92C2014AA000BE329 /* Debug */,
				55D474BA2C2014AA000BE329 /* Release */,
			);
			defaultConfigurationIsVisible = 0;
			defaultConfigurationName = Release;
		};
/* End XCConfigurationList section */

/* Begin XCRemoteSwiftPackageReference section */
		551C5A932C2B030800EB4553 /* XCRemoteSwiftPackageReference "material-showcase-ios" */ = {
			isa = XCRemoteSwiftPackageReference;
			repositoryURL = "https://github.com/aromajoin/material-showcase-ios.git";
			requirement = {
				kind = exactVersion;
				version = 0.8.0;
			};
		};
		55B7AA7D2C255001002B6964 /* XCRemoteSwiftPackageReference "SwiftFortuneWheel" */ = {
			isa = XCRemoteSwiftPackageReference;
			repositoryURL = "https://github.com/sh-khashimov/SwiftFortuneWheel.git";
			requirement = {
				kind = exactVersion;
				version = 1.4.4;
			};
		};
		55B7AA802C25518E002B6964 /* XCRemoteSwiftPackageReference "MKRingProgressView" */ = {
			isa = XCRemoteSwiftPackageReference;
			repositoryURL = "https://github.com/maxkonovalov/MKRingProgressView.git";
			requirement = {
				kind = exactVersion;
				version = 2.3.0;
			};
		};
		55BEF15B2C266B2200DA811B /* XCRemoteSwiftPackageReference "ProgressIndicatorView" */ = {
			isa = XCRemoteSwiftPackageReference;
			repositoryURL = "https://github.com/Boost-Jay/ProgressIndicatorView.git";
			requirement = {
				branch = master;
				kind = branch;
			};
		};
		55BEF19E2C292C1100DA811B /* XCRemoteSwiftPackageReference "SDWebImage" */ = {
			isa = XCRemoteSwiftPackageReference;
			repositoryURL = "https://github.com/SDWebImage/SDWebImage.git";
			requirement = {
				kind = exactVersion;
				version = 5.19.3;
			};
		};
		55D475532C207D7A000BE329 /* XCRemoteSwiftPackageReference "IQKeyboardManager" */ = {
			isa = XCRemoteSwiftPackageReference;
			repositoryURL = "https://github.com/hackiftekhar/IQKeyboardManager.git";
			requirement = {
				kind = exactVersion;
				version = 7.0.3;
			};
		};
		7B77263B2C28028500D71DCB /* XCRemoteSwiftPackageReference "SQLite.swift" */ = {
			isa = XCRemoteSwiftPackageReference;
			repositoryURL = "https://github.com/stephencelis/SQLite.swift.git";
			requirement = {
				kind = exactVersion;
				version = 0.15.3;
			};
		};
/* End XCRemoteSwiftPackageReference section */

/* Begin XCSwiftPackageProductDependency section */
		551C5A942C2B030800EB4553 /* MaterialShowcase */ = {
			isa = XCSwiftPackageProductDependency;
			package = 551C5A932C2B030800EB4553 /* XCRemoteSwiftPackageReference "material-showcase-ios" */;
			productName = MaterialShowcase;
		};
		55B7AA7E2C255001002B6964 /* SwiftFortuneWheel */ = {
			isa = XCSwiftPackageProductDependency;
			package = 55B7AA7D2C255001002B6964 /* XCRemoteSwiftPackageReference "SwiftFortuneWheel" */;
			productName = SwiftFortuneWheel;
		};
		55B7AA812C25518E002B6964 /* MKRingProgressView */ = {
			isa = XCSwiftPackageProductDependency;
			package = 55B7AA802C25518E002B6964 /* XCRemoteSwiftPackageReference "MKRingProgressView" */;
			productName = MKRingProgressView;
		};
		55BEF15C2C266B2200DA811B /* ProgressIndicatorView */ = {
			isa = XCSwiftPackageProductDependency;
			package = 55BEF15B2C266B2200DA811B /* XCRemoteSwiftPackageReference "ProgressIndicatorView" */;
			productName = ProgressIndicatorView;
		};
		55BEF19F2C292C1100DA811B /* SDWebImage */ = {
			isa = XCSwiftPackageProductDependency;
			package = 55BEF19E2C292C1100DA811B /* XCRemoteSwiftPackageReference "SDWebImage" */;
			productName = SDWebImage;
		};
		55BEF1A12C292C1100DA811B /* SDWebImageMapKit */ = {
			isa = XCSwiftPackageProductDependency;
			package = 55BEF19E2C292C1100DA811B /* XCRemoteSwiftPackageReference "SDWebImage" */;
			productName = SDWebImageMapKit;
		};
		55D475542C207D7A000BE329 /* IQKeyboardManagerSwift */ = {
			isa = XCSwiftPackageProductDependency;
			package = 55D475532C207D7A000BE329 /* XCRemoteSwiftPackageReference "IQKeyboardManager" */;
			productName = IQKeyboardManagerSwift;
		};
		7B77263C2C28028500D71DCB /* SQLite */ = {
			isa = XCSwiftPackageProductDependency;
			package = 7B77263B2C28028500D71DCB /* XCRemoteSwiftPackageReference "SQLite.swift" */;
			productName = SQLite;
		};
/* End XCSwiftPackageProductDependency section */
	};
	rootObject = 55D4749C2C2014A9000BE329 /* Project object */;
}
